
Microsoft Visual Studio Solution File, Format Version 12.00
# Visual Studio Version 16
VisualStudioVersion = 16.0.31402.337
MinimumVisualStudioVersion = 10.0.40219.1
Project("{FAE04EC0-301F-11D3-BF4B-00C04F79EFBC}") = "QuanLySanPhamDienTuAPI", "QuanLySanPhamDienTuAPI\QuanLySanPhamDienTuAPI.csproj", "{BAFB2238-C1DB-47C1-92ED-97C9927A4BB5}"
EndProject
Global
	GlobalSection(SolutionConfigurationPlatforms) = preSolution
		Debug|Any CPU = Debug|Any CPU
		Release|Any CPU = Release|Any CPU
	EndGlobalSection
	GlobalSection(ProjectConfigurationPlatforms) = postSolution
		{BAFB2238-C1DB-47C1-92ED-97C9927A4BB5}.Debug|Any CPU.ActiveCfg = Debug|Any CPU
		{BAFB2238-C1DB-47C1-92ED-97C9927A4BB5}.Debug|Any CPU.Build.0 = Debug|Any CPU
		{BAFB2238-C1DB-47C1-92ED-97C9927A4BB5}.Release|Any CPU.ActiveCfg = Release|Any CPU
		{BAFB2238-C1DB-47C1-92ED-97C9927A4BB5}.Release|Any CPU.Build.0 = Release|Any CPU
	EndGlobalSection
	GlobalSection(SolutionProperties) = preSolution
		HideSolutionNode = FALSE
	EndGlobalSection
	GlobalSection(ExtensibilityGlobals) = postSolution
		SolutionGuid = {67EFF41B-BD57-425E-90E2-2C36B309D8A3}
	EndGlobalSection
EndGlobal
